# THIS IS AN AUTOGENERATED FILE. DO NOT EDIT THIS FILE DIRECTLY.
# yarn lockfile v1


"@types/prop-types@*":
  version "15.7.3"
  resolved "https://registry.yarnpkg.com/@types/prop-types/-/prop-types-15.7.3.tgz#2ab0d5da2e5815f94b0b9d4b95d1e5f243ab2ca7"
  integrity sha512-KfRL3PuHmqQLOG+2tGpRO26Ctg+Cq1E01D2DMriKEATHgWLfeNDmq9e29Q9WIky0dQ3NPkd1mzYH8Lm936Z9qw==

"@types/react@^16.9.6":
  version "16.9.9"
  resolved "https://registry.yarnpkg.com/@types/react/-/react-16.9.9.tgz#a62c6f40f04bc7681be5e20975503a64fe783c3a"
  integrity sha512-L+AudFJkDukk+ukInYvpoAPyJK5q1GanFOINOJnM0w6tUgITuWvJ4jyoBPFL7z4/L8hGLd+K/6xR5uUjXu0vVg==
  dependencies:
    "@types/prop-types" "*"
    csstype "^2.2.0"

csstype@^2.2.0:
  version "2.6.7"
  resolved "https://registry.yarnpkg.com/csstype/-/csstype-2.6.7.tgz#20b0024c20b6718f4eda3853a1f5a1cce7f5e4a5"
  integrity sha512-9Mcn9sFbGBAdmimWb2gLVDtFJzeKtDGIr76TUqmjZrw9LFXBMSU70lcs+C0/7fyCd6iBDqmksUcCOUIkisPHsQ==

fast-json-patch@^3.0.0-1:
  version "3.0.0-1"
  resolved "https://registry.yarnpkg.com/fast-json-patch/-/fast-json-patch-3.0.0-1.tgz#4c68f2e7acfbab6d29d1719c44be51899c93dabb"
  integrity sha512-6pdFb07cknxvPzCeLsFHStEy+MysPJPgZQ9LbQ/2O67unQF93SNqfdSqnPPl71YMHX+AD8gbl7iuoGFzHEdDuw==

"js-tokens@^3.0.0 || ^4.0.0":
  version "4.0.0"
  resolved "https://registry.yarnpkg.com/js-tokens/-/js-tokens-4.0.0.tgz#19203fb59991df98e3a287050d4647cdeaf32499"
  integrity sha512-RdJUflcE3cUzKiMqQgsCu06FPu9UdIJO0beYbPhHN4k6apgJtifcoCtT9bcxOpYBtpD2kCM6Sbzg4CausW/PKQ==

json-stringify-pretty-compact@^2.0.0:
  version "2.0.0"
  resolved "https://registry.yarnpkg.com/json-stringify-pretty-compact/-/json-stringify-pretty-compact-2.0.0.tgz#e77c419f52ff00c45a31f07f4c820c2433143885"
  integrity sha512-WRitRfs6BGq4q8gTgOy4ek7iPFXjbra0H3PmDLKm2xnZ+Gh1HUhiKGgCZkSPNULlP7mvfu6FV/mOLhCarspADQ==

loose-envify@^1.4.0:
  version "1.4.0"
  resolved "https://registry.yarnpkg.com/loose-envify/-/loose-envify-1.4.0.tgz#71ee51fa7be4caec1a63839f7e682d8132d30caf"
  integrity sha512-lyuxPGr/Wfhrlem2CL/UcnUc1zcqKAImBDzukY7Y5F/yQiNdko6+fRLevlw1HgMySw7f611UIY408EtxRSoK3Q==
  dependencies:
    js-tokens "^3.0.0 || ^4.0.0"

object-assign@^4.1.1:
  version "4.1.1"
  resolved "https://registry.yarnpkg.com/object-assign/-/object-assign-4.1.1.tgz#2109adc7965887cfc05cbbd442cac8bfbb360863"
  integrity sha1-IQmtx5ZYh8/AXLvUQsrIv7s2CGM=

prop-types@^15.7.2:
  version "15.7.2"
  resolved "https://registry.yarnpkg.com/prop-types/-/prop-types-15.7.2.tgz#52c41e75b8c87e72b9d9360e0206b99dcbffa6c5"
  integrity sha512-8QQikdH7//R2vurIJSutZ1smHYTcLpRWEOlHnzcWHmBYrOGUysKwSsrC89BCiFj3CbrfJ/nXFdJepOVrY1GCHQ==
  dependencies:
    loose-envify "^1.4.0"
    object-assign "^4.1.1"
    react-is "^16.8.1"

react-is@^16.8.1:
  version "16.10.2"
  resolved "https://registry.yarnpkg.com/react-is/-/react-is-16.10.2.tgz#984120fd4d16800e9a738208ab1fba422d23b5ab"
  integrity sha512-INBT1QEgtcCCgvccr5/86CfD71fw9EPmDxgiJX4I2Ddr6ZsV6iFXsuby+qWJPtmNuMY0zByTsG4468P7nHuNWA==

react-vega@^7.1.0:
  version "7.1.0"
  resolved "https://registry.yarnpkg.com/react-vega/-/react-vega-7.1.0.tgz#66a9082a8ca79fc7f3557ed08ef935877be85fa4"
  integrity sha512-YobfMdyL4H14pzf3/8N2ueYjvLUV41yR8X6ZNGh2jhNX3ykG3Z9N+DkZxkcJb2s2lHs3jMq9D3eiosptmGROTg==
  dependencies:
    "@types/react" "^16.9.6"
    vega-embed "^6.0.0"

semver@^6.3.0:
  version "6.3.0"
  resolved "https://registry.yarnpkg.com/semver/-/semver-6.3.0.tgz#ee0a64c8af5e8ceea67687b133761e1becbd1d3d"
  integrity sha512-b39TBaTSfV6yBrapU89p5fKekE2m/NwnDocOVruQFS1/veMgdzuPcnOM34M6CwxW8jH/lxEa5rBoDeUwu5HHTw==

vega-embed@^6.0.0:
  version "6.0.0"
  resolved "https://registry.yarnpkg.com/vega-embed/-/vega-embed-6.0.0.tgz#f3c5e8f907db2996ebcc62037f1ffec842edc3d1"
  integrity sha512-CH3/FtiVFek5SmQCLbZVXbpslHIjCH7D0xNbfK6UrtKt4Mr1AmmsCo4rH3L4qqXqDwK6w9Vv4sNrF/6HOH8sDg==
  dependencies:
    fast-json-patch "^3.0.0-1"
    json-stringify-pretty-compact "^2.0.0"
    semver "^6.3.0"
    vega-schema-url-parser "^1.1.0"
    vega-themes "^2.5.0"
    vega-tooltip "^0.19.1"

vega-schema-url-parser@^1.1.0:
  version "1.1.0"
  resolved "https://registry.yarnpkg.com/vega-schema-url-parser/-/vega-schema-url-parser-1.1.0.tgz#39168ec04e5468ce278a06c16ec0d126035a85b5"
  integrity sha512-Tc85J2ofMZZOsxiqDM9sbvfsa+Vdo3GwNLjEEsPOsCDeYqsUHKAlc1IpbbhPLZ6jusyM9Lk0e1izF64GGklFDg==

vega-themes@^2.5.0:
  version "2.5.0"
  resolved "https://registry.yarnpkg.com/vega-themes/-/vega-themes-2.5.0.tgz#464d0715a54c48591cd6340c28b0c4c9d39b1571"
  integrity sha512-mkyYhcRhmMBWLfvCBPTVx0S/OnxeIfVY/TmFfYP5sPdW8X1kMyHtLI34bMhzosPrkhNyHsC8FNHJyU/dOQnX4A==

vega-tooltip@^0.19.1:
  version "0.19.1"
  resolved "https://registry.yarnpkg.com/vega-tooltip/-/vega-tooltip-0.19.1.tgz#b0534b90a7df21fee9e693bf4e4556312f89296e"
  integrity sha512-BNZ5T866SLOai+NZyGxg60U6hZhNINHuX313/z1TrUTeCprYLfCR1Ex4qRozY1WPY3HfxQcd5czLJMhoAFDotQ==
  dependencies:
    vega-util "^1.11.1"

vega-util@^1.11.1:
  version "1.12.0"
  resolved "https://registry.yarnpkg.com/vega-util/-/vega-util-1.12.0.tgz#fe46198b5294a68d32bedddcc539bb2522de3cba"
  integrity sha512-eN1PAQVDyEOcwild2Fk1gbkzkqgDHNujG2/akYRtBzkhtz2EttrVIDwBkWqV/Q+VvEINEksb7TI3Wv7qVQFR5g==
